// !$*UTF8*$!
{
	archiveVersion = 1;
	classes = {
	};
	objectVersion = 51;
	objects = {

/* Begin PBXBuildFile section */
		2074EAED8DA3DDAE5CFC62E5 /* Pods_TVSeriesApp.framework in Frameworks */ = {isa = PBXBuildFile; fileRef = C9F12A35A4365F4283C3B764 /* Pods_TVSeriesApp.framework */; };
		788B8D8625FBA46B00009B3A /* AppDelegate.swift in Sources */ = {isa = PBXBuildFile; fileRef = 788B8D8525FBA46B00009B3A /* AppDelegate.swift */; };
		788B8D8825FBA46B00009B3A /* SceneDelegate.swift in Sources */ = {isa = PBXBuildFile; fileRef = 788B8D8725FBA46B00009B3A /* SceneDelegate.swift */; };
		788B8D8F25FBA46D00009B3A /* Assets.xcassets in Resources */ = {isa = PBXBuildFile; fileRef = 788B8D8E25FBA46D00009B3A /* Assets.xcassets */; };
		788B8D9225FBA46D00009B3A /* LaunchScreen.storyboard in Resources */ = {isa = PBXBuildFile; fileRef = 788B8D9025FBA46D00009B3A /* LaunchScreen.storyboard */; };
		788B8D9D25FBA46D00009B3A /* TVSeriesAppTests.swift in Sources */ = {isa = PBXBuildFile; fileRef = 788B8D9C25FBA46D00009B3A /* TVSeriesAppTests.swift */; };
		788B8DA825FBA46D00009B3A /* TVSeriesAppUITests.swift in Sources */ = {isa = PBXBuildFile; fileRef = 788B8DA725FBA46D00009B3A /* TVSeriesAppUITests.swift */; };
		788B8DC325FBA50E00009B3A /* TVSeriesListViewController.swift in Sources */ = {isa = PBXBuildFile; fileRef = 788B8DC125FBA50E00009B3A /* TVSeriesListViewController.swift */; };
		788B8DC425FBA50E00009B3A /* TVSeriesListViewController.xib in Resources */ = {isa = PBXBuildFile; fileRef = 788B8DC225FBA50E00009B3A /* TVSeriesListViewController.xib */; };
		788B8DE825FBB53900009B3A /* TVSeriesRouter.swift in Sources */ = {isa = PBXBuildFile; fileRef = 788B8DE725FBB53900009B3A /* TVSeriesRouter.swift */; };
		788B8DF025FBB54A00009B3A /* TVSeriesProtocol.swift in Sources */ = {isa = PBXBuildFile; fileRef = 788B8DEF25FBB54A00009B3A /* TVSeriesProtocol.swift */; };
		788B8DF525FBB55D00009B3A /* TVSeriesPresenter.swift in Sources */ = {isa = PBXBuildFile; fileRef = 788B8DF425FBB55D00009B3A /* TVSeriesPresenter.swift */; };
		788B8DFA25FBB57700009B3A /* TVSeriesInteractor.swift in Sources */ = {isa = PBXBuildFile; fileRef = 788B8DF925FBB57600009B3A /* TVSeriesInteractor.swift */; };
		788B8DFF25FBB96700009B3A /* TVSeriesListExtension.swift in Sources */ = {isa = PBXBuildFile; fileRef = 788B8DFE25FBB96700009B3A /* TVSeriesListExtension.swift */; };
		788B8E0525FBC3ED00009B3A /* TVServiceManager.swift in Sources */ = {isa = PBXBuildFile; fileRef = 788B8E0425FBC3ED00009B3A /* TVServiceManager.swift */; };
		788B8E0A25FBC48F00009B3A /* TVServiceResponse.swift in Sources */ = {isa = PBXBuildFile; fileRef = 788B8E0925FBC48F00009B3A /* TVServiceResponse.swift */; };
		788B8E6125FE027A00009B3A /* TVCollectionViewCell.swift in Sources */ = {isa = PBXBuildFile; fileRef = 788B8E5F25FE027A00009B3A /* TVCollectionViewCell.swift */; };
		788B8E6225FE027A00009B3A /* TVCollectionViewCell.xib in Resources */ = {isa = PBXBuildFile; fileRef = 788B8E6025FE027A00009B3A /* TVCollectionViewCell.xib */; };
		788B8E7B25FE918700009B3A /* TVSeriesDetailViewController.swift in Sources */ = {isa = PBXBuildFile; fileRef = 788B8E7925FE918700009B3A /* TVSeriesDetailViewController.swift */; };
		788B8E7C25FE918700009B3A /* TVSeriesDetailViewController.xib in Resources */ = {isa = PBXBuildFile; fileRef = 788B8E7A25FE918700009B3A /* TVSeriesDetailViewController.xib */; };
		788B8E8425FE91A700009B3A /* TVSeriesDetailRouter.swift in Sources */ = {isa = PBXBuildFile; fileRef = 788B8E8325FE91A700009B3A /* TVSeriesDetailRouter.swift */; };
		788B8E8925FE91E700009B3A /* TVSeriesDetailProtocol.swift in Sources */ = {isa = PBXBuildFile; fileRef = 788B8E8825FE91E700009B3A /* TVSeriesDetailProtocol.swift */; };
		788B8E8E25FE91F900009B3A /* TVSeriesDetailPresenter.swift in Sources */ = {isa = PBXBuildFile; fileRef = 788B8E8D25FE91F900009B3A /* TVSeriesDetailPresenter.swift */; };
		788B8E9325FE921200009B3A /* TVSeriesDetailInteractor.swift in Sources */ = {isa = PBXBuildFile; fileRef = 788B8E9225FE921200009B3A /* TVSeriesDetailInteractor.swift */; };
		788B8E9825FE93BF00009B3A /* TVSeriesDetailExtension.swift in Sources */ = {isa = PBXBuildFile; fileRef = 788B8E9725FE93BE00009B3A /* TVSeriesDetailExtension.swift */; };
		788B8EA725FEA21F00009B3A /* StarRatingStackView.xib in Resources */ = {isa = PBXBuildFile; fileRef = 788B8EA425FEA21F00009B3A /* StarRatingStackView.xib */; };
		788B8EA825FEA21F00009B3A /* StarRatingStackView.swift in Sources */ = {isa = PBXBuildFile; fileRef = 788B8EA525FEA21F00009B3A /* StarRatingStackView.swift */; };
		788B8EA925FEA21F00009B3A /* StarRatingView.swift in Sources */ = {isa = PBXBuildFile; fileRef = 788B8EA625FEA21F00009B3A /* StarRatingView.swift */; };
		788B8EB425FEA84B00009B3A /* Utils.swift in Sources */ = {isa = PBXBuildFile; fileRef = 788B8EB325FEA84B00009B3A /* Utils.swift */; };
		788B8EB925FEA85900009B3A /* Constants.swift in Sources */ = {isa = PBXBuildFile; fileRef = 788B8EB825FEA85900009B3A /* Constants.swift */; };
		AD79B778C3A97A61C1D78669 /* Pods_TVSeriesAppTests.framework in Frameworks */ = {isa = PBXBuildFile; fileRef = 3F31927BC5B650B52B5DA39B /* Pods_TVSeriesAppTests.framework */; };
		B7D07056B4AE5D81A6311151 /* Pods_TVSeriesApp_TVSeriesAppUITests.framework in Frameworks */ = {isa = PBXBuildFile; fileRef = 73189C6CECD4EE405C10D992 /* Pods_TVSeriesApp_TVSeriesAppUITests.framework */; };
/* End PBXBuildFile section */

/* Begin PBXContainerItemProxy section */
		788B8D9925FBA46D00009B3A /* PBXContainerItemProxy */ = {
			isa = PBXContainerItemProxy;
			containerPortal = 788B8D7A25FBA46B00009B3A /* Project object */;
			proxyType = 1;
			remoteGlobalIDString = 788B8D8125FBA46B00009B3A;
			remoteInfo = TVSeriesApp;
		};
		788B8DA425FBA46D00009B3A /* PBXContainerItemProxy */ = {
			isa = PBXContainerItemProxy;
			containerPortal = 788B8D7A25FBA46B00009B3A /* Project object */;
			proxyType = 1;
			remoteGlobalIDString = 788B8D8125FBA46B00009B3A;
			remoteInfo = TVSeriesApp;
		};
/* End PBXContainerItemProxy section */

/* Begin PBXFileReference section */
		3EA0434F6ADA5F2D952650B3 /* Pods-TVSeriesApp-TVSeriesAppUITests.debug.xcconfig */ = {isa = PBXFileReference; includeInIndex = 1; lastKnownFileType = text.xcconfig; name = "Pods-TVSeriesApp-TVSeriesAppUITests.debug.xcconfig"; path = "Target Support Files/Pods-TVSeriesApp-TVSeriesAppUITests/Pods-TVSeriesApp-TVSeriesAppUITests.debug.xcconfig"; sourceTree = "<group>"; };
		3F31927BC5B650B52B5DA39B /* Pods_TVSeriesAppTests.framework */ = {isa = PBXFileReference; explicitFileType = wrapper.framework; includeInIndex = 0; path = Pods_TVSeriesAppTests.framework; sourceTree = BUILT_PRODUCTS_DIR; };
		6E69B46C0C3D7235DB0E8E7B /* Pods-TVSeriesAppTests.release.xcconfig */ = {isa = PBXFileReference; includeInIndex = 1; lastKnownFileType = text.xcconfig; name = "Pods-TVSeriesAppTests.release.xcconfig"; path = "Target Support Files/Pods-TVSeriesAppTests/Pods-TVSeriesAppTests.release.xcconfig"; sourceTree = "<group>"; };
		73189C6CECD4EE405C10D992 /* Pods_TVSeriesApp_TVSeriesAppUITests.framework */ = {isa = PBXFileReference; explicitFileType = wrapper.framework; includeInIndex = 0; path = Pods_TVSeriesApp_TVSeriesAppUITests.framework; sourceTree = BUILT_PRODUCTS_DIR; };
		788B8D8225FBA46B00009B3A /* TVSeriesApp.app */ = {isa = PBXFileReference; explicitFileType = wrapper.application; includeInIndex = 0; path = TVSeriesApp.app; sourceTree = BUILT_PRODUCTS_DIR; };
		788B8D8525FBA46B00009B3A /* AppDelegate.swift */ = {isa = PBXFileReference; lastKnownFileType = sourcecode.swift; path = AppDelegate.swift; sourceTree = "<group>"; };
		788B8D8725FBA46B00009B3A /* SceneDelegate.swift */ = {isa = PBXFileReference; lastKnownFileType = sourcecode.swift; path = SceneDelegate.swift; sourceTree = "<group>"; };
		788B8D8E25FBA46D00009B3A /* Assets.xcassets */ = {isa = PBXFileReference; lastKnownFileType = folder.assetcatalog; path = Assets.xcassets; sourceTree = "<group>"; };
		788B8D9125FBA46D00009B3A /* Base */ = {isa = PBXFileReference; lastKnownFileType = file.storyboard; name = Base; path = Base.lproj/LaunchScreen.storyboard; sourceTree = "<group>"; };
		788B8D9325FBA46D00009B3A /* Info.plist */ = {isa = PBXFileReference; lastKnownFileType = text.plist.xml; path = Info.plist; sourceTree = "<group>"; };
		788B8D9825FBA46D00009B3A /* TVSeriesAppTests.xctest */ = {isa = PBXFileReference; explicitFileType = wrapper.cfbundle; includeInIndex = 0; path = TVSeriesAppTests.xctest; sourceTree = BUILT_PRODUCTS_DIR; };
		788B8D9C25FBA46D00009B3A /* TVSeriesAppTests.swift */ = {isa = PBXFileReference; lastKnownFileType = sourcecode.swift; path = TVSeriesAppTests.swift; sourceTree = "<group>"; };
		788B8D9E25FBA46D00009B3A /* Info.plist */ = {isa = PBXFileReference; lastKnownFileType = text.plist.xml; path = Info.plist; sourceTree = "<group>"; };
		788B8DA325FBA46D00009B3A /* TVSeriesAppUITests.xctest */ = {isa = PBXFileReference; explicitFileType = wrapper.cfbundle; includeInIndex = 0; path = TVSeriesAppUITests.xctest; sourceTree = BUILT_PRODUCTS_DIR; };
		788B8DA725FBA46D00009B3A /* TVSeriesAppUITests.swift */ = {isa = PBXFileReference; lastKnownFileType = sourcecode.swift; path = TVSeriesAppUITests.swift; sourceTree = "<group>"; };
		788B8DA925FBA46D00009B3A /* Info.plist */ = {isa = PBXFileReference; lastKnownFileType = text.plist.xml; path = Info.plist; sourceTree = "<group>"; };
		788B8DC125FBA50E00009B3A /* TVSeriesListViewController.swift */ = {isa = PBXFileReference; lastKnownFileType = sourcecode.swift; path = TVSeriesListViewController.swift; sourceTree = "<group>"; };
		788B8DC225FBA50E00009B3A /* TVSeriesListViewController.xib */ = {isa = PBXFileReference; lastKnownFileType = file.xib; path = TVSeriesListViewController.xib; sourceTree = "<group>"; };
		788B8DE725FBB53900009B3A /* TVSeriesRouter.swift */ = {isa = PBXFileReference; lastKnownFileType = sourcecode.swift; path = TVSeriesRouter.swift; sourceTree = "<group>"; };
		788B8DEF25FBB54A00009B3A /* TVSeriesProtocol.swift */ = {isa = PBXFileReference; lastKnownFileType = sourcecode.swift; path = TVSeriesProtocol.swift; sourceTree = "<group>"; };
		788B8DF425FBB55D00009B3A /* TVSeriesPresenter.swift */ = {isa = PBXFileReference; lastKnownFileType = sourcecode.swift; path = TVSeriesPresenter.swift; sourceTree = "<group>"; };
		788B8DF925FBB57600009B3A /* TVSeriesInteractor.swift */ = {isa = PBXFileReference; lastKnownFileType = sourcecode.swift; path = TVSeriesInteractor.swift; sourceTree = "<group>"; };
		788B8DFE25FBB96700009B3A /* TVSeriesListExtension.swift */ = {isa = PBXFileReference; lastKnownFileType = sourcecode.swift; path = TVSeriesListExtension.swift; sourceTree = "<group>"; };
		788B8E0425FBC3ED00009B3A /* TVServiceManager.swift */ = {isa = PBXFileReference; lastKnownFileType = sourcecode.swift; path = TVServiceManager.swift; sourceTree = "<group>"; };
		788B8E0925FBC48F00009B3A /* TVServiceResponse.swift */ = {isa = PBXFileReference; lastKnownFileType = sourcecode.swift; path = TVServiceResponse.swift; sourceTree = "<group>"; };
		788B8E5F25FE027A00009B3A /* TVCollectionViewCell.swift */ = {isa = PBXFileReference; lastKnownFileType = sourcecode.swift; path = TVCollectionViewCell.swift; sourceTree = "<group>"; };
		788B8E6025FE027A00009B3A /* TVCollectionViewCell.xib */ = {isa = PBXFileReference; lastKnownFileType = file.xib; path = TVCollectionViewCell.xib; sourceTree = "<group>"; };
		788B8E7925FE918700009B3A /* TVSeriesDetailViewController.swift */ = {isa = PBXFileReference; lastKnownFileType = sourcecode.swift; path = TVSeriesDetailViewController.swift; sourceTree = "<group>"; };
		788B8E7A25FE918700009B3A /* TVSeriesDetailViewController.xib */ = {isa = PBXFileReference; lastKnownFileType = file.xib; path = TVSeriesDetailViewController.xib; sourceTree = "<group>"; };
		788B8E8325FE91A700009B3A /* TVSeriesDetailRouter.swift */ = {isa = PBXFileReference; lastKnownFileType = sourcecode.swift; path = TVSeriesDetailRouter.swift; sourceTree = "<group>"; };
		788B8E8825FE91E700009B3A /* TVSeriesDetailProtocol.swift */ = {isa = PBXFileReference; lastKnownFileType = sourcecode.swift; path = TVSeriesDetailProtocol.swift; sourceTree = "<group>"; };
		788B8E8D25FE91F900009B3A /* TVSeriesDetailPresenter.swift */ = {isa = PBXFileReference; lastKnownFileType = sourcecode.swift; path = TVSeriesDetailPresenter.swift; sourceTree = "<group>"; };
		788B8E9225FE921200009B3A /* TVSeriesDetailInteractor.swift */ = {isa = PBXFileReference; lastKnownFileType = sourcecode.swift; path = TVSeriesDetailInteractor.swift; sourceTree = "<group>"; };
		788B8E9725FE93BE00009B3A /* TVSeriesDetailExtension.swift */ = {isa = PBXFileReference; lastKnownFileType = sourcecode.swift; path = TVSeriesDetailExtension.swift; sourceTree = "<group>"; };
		788B8EA425FEA21F00009B3A /* StarRatingStackView.xib */ = {isa = PBXFileReference; fileEncoding = 4; lastKnownFileType = file.xib; path = StarRatingStackView.xib; sourceTree = "<group>"; };
		788B8EA525FEA21F00009B3A /* StarRatingStackView.swift */ = {isa = PBXFileReference; fileEncoding = 4; lastKnownFileType = sourcecode.swift; path = StarRatingStackView.swift; sourceTree = "<group>"; };
		788B8EA625FEA21F00009B3A /* StarRatingView.swift */ = {isa = PBXFileReference; fileEncoding = 4; lastKnownFileType = sourcecode.swift; path = StarRatingView.swift; sourceTree = "<group>"; };
		788B8EB325FEA84B00009B3A /* Utils.swift */ = {isa = PBXFileReference; lastKnownFileType = sourcecode.swift; path = Utils.swift; sourceTree = "<group>"; };
		788B8EB825FEA85900009B3A /* Constants.swift */ = {isa = PBXFileReference; lastKnownFileType = sourcecode.swift; path = Constants.swift; sourceTree = "<group>"; };
		88177E152C0622991A08011F /* Pods-TVSeriesAppTests.debug.xcconfig */ = {isa = PBXFileReference; includeInIndex = 1; lastKnownFileType = text.xcconfig; name = "Pods-TVSeriesAppTests.debug.xcconfig"; path = "Target Support Files/Pods-TVSeriesAppTests/Pods-TVSeriesAppTests.debug.xcconfig"; sourceTree = "<group>"; };
		BAFB858354663416D7478E2A /* Pods-TVSeriesApp-TVSeriesAppUITests.release.xcconfig */ = {isa = PBXFileReference; includeInIndex = 1; lastKnownFileType = text.xcconfig; name = "Pods-TVSeriesApp-TVSeriesAppUITests.release.xcconfig"; path = "Target Support Files/Pods-TVSeriesApp-TVSeriesAppUITests/Pods-TVSeriesApp-TVSeriesAppUITests.release.xcconfig"; sourceTree = "<group>"; };
		C9F12A35A4365F4283C3B764 /* Pods_TVSeriesApp.framework */ = {isa = PBXFileReference; explicitFileType = wrapper.framework; includeInIndex = 0; path = Pods_TVSeriesApp.framework; sourceTree = BUILT_PRODUCTS_DIR; };
		D2110435DE3CDC7D0684C2C1 /* Pods-TVSeriesApp.debug.xcconfig */ = {isa = PBXFileReference; includeInIndex = 1; lastKnownFileType = text.xcconfig; name = "Pods-TVSeriesApp.debug.xcconfig"; path = "Target Support Files/Pods-TVSeriesApp/Pods-TVSeriesApp.debug.xcconfig"; sourceTree = "<group>"; };
		DC195B9887E336D5A7D412F6 /* Pods-TVSeriesApp.release.xcconfig */ = {isa = PBXFileReference; includeInIndex = 1; lastKnownFileType = text.xcconfig; name = "Pods-TVSeriesApp.release.xcconfig"; path = "Target Support Files/Pods-TVSeriesApp/Pods-TVSeriesApp.release.xcconfig"; sourceTree = "<group>"; };
/* End PBXFileReference section */

/* Begin PBXFrameworksBuildPhase section */
		788B8D7F25FBA46B00009B3A /* Frameworks */ = {
			isa = PBXFrameworksBuildPhase;
			buildActionMask = 2147483647;
			files = (
				2074EAED8DA3DDAE5CFC62E5 /* Pods_TVSeriesApp.framework in Frameworks */,
			);
			runOnlyForDeploymentPostprocessing = 0;
		};
		788B8D9525FBA46D00009B3A /* Frameworks */ = {
			isa = PBXFrameworksBuildPhase;
			buildActionMask = 2147483647;
			files = (
				AD79B778C3A97A61C1D78669 /* Pods_TVSeriesAppTests.framework in Frameworks */,
			);
			runOnlyForDeploymentPostprocessing = 0;
		};
		788B8DA025FBA46D00009B3A /* Frameworks */ = {
			isa = PBXFrameworksBuildPhase;
			buildActionMask = 2147483647;
			files = (
				B7D07056B4AE5D81A6311151 /* Pods_TVSeriesApp_TVSeriesAppUITests.framework in Frameworks */,
			);
			runOnlyForDeploymentPostprocessing = 0;
		};
/* End PBXFrameworksBuildPhase section */

/* Begin PBXGroup section */
		240AF80C09F2447A24A982BF /* Frameworks */ = {
			isa = PBXGroup;
			children = (
				C9F12A35A4365F4283C3B764 /* Pods_TVSeriesApp.framework */,
				73189C6CECD4EE405C10D992 /* Pods_TVSeriesApp_TVSeriesAppUITests.framework */,
				3F31927BC5B650B52B5DA39B /* Pods_TVSeriesAppTests.framework */,
			);
			name = Frameworks;
			sourceTree = "<group>";
		};
		788B8D7925FBA46B00009B3A = {
			isa = PBXGroup;
			children = (
				788B8D8425FBA46B00009B3A /* TVSeriesApp */,
				788B8D9B25FBA46D00009B3A /* TVSeriesAppTests */,
				788B8DA625FBA46D00009B3A /* TVSeriesAppUITests */,
				788B8D8325FBA46B00009B3A /* Products */,
				F1E2D871E6289663D9FCBBC5 /* Pods */,
				240AF80C09F2447A24A982BF /* Frameworks */,
			);
			sourceTree = "<group>";
		};
		788B8D8325FBA46B00009B3A /* Products */ = {
			isa = PBXGroup;
			children = (
				788B8D8225FBA46B00009B3A /* TVSeriesApp.app */,
				788B8D9825FBA46D00009B3A /* TVSeriesAppTests.xctest */,
				788B8DA325FBA46D00009B3A /* TVSeriesAppUITests.xctest */,
			);
			name = Products;
			sourceTree = "<group>";
		};
		788B8D8425FBA46B00009B3A /* TVSeriesApp */ = {
			isa = PBXGroup;
			children = (
				788B8EA225FEA1F700009B3A /* Common */,
				788B8E0325FBC3D900009B3A /* Services */,
				788B8DBE25FBA4CC00009B3A /* Features */,
				788B8D8525FBA46B00009B3A /* AppDelegate.swift */,
				788B8D8725FBA46B00009B3A /* SceneDelegate.swift */,
				788B8D8E25FBA46D00009B3A /* Assets.xcassets */,
				788B8D9025FBA46D00009B3A /* LaunchScreen.storyboard */,
				788B8D9325FBA46D00009B3A /* Info.plist */,
			);
			path = TVSeriesApp;
			sourceTree = "<group>";
		};
		788B8D9B25FBA46D00009B3A /* TVSeriesAppTests */ = {
			isa = PBXGroup;
			children = (
				788B8D9C25FBA46D00009B3A /* TVSeriesAppTests.swift */,
				788B8D9E25FBA46D00009B3A /* Info.plist */,
			);
			path = TVSeriesAppTests;
			sourceTree = "<group>";
		};
		788B8DA625FBA46D00009B3A /* TVSeriesAppUITests */ = {
			isa = PBXGroup;
			children = (
				788B8DA725FBA46D00009B3A /* TVSeriesAppUITests.swift */,
				788B8DA925FBA46D00009B3A /* Info.plist */,
			);
			path = TVSeriesAppUITests;
			sourceTree = "<group>";
		};
		788B8DBE25FBA4CC00009B3A /* Features */ = {
			isa = PBXGroup;
			children = (
				788B8E7325FE912E00009B3A /* SerieDetailScreen */,
				788B8DBF25FBA4D600009B3A /* TVListScreen */,
			);
			path = Features;
			sourceTree = "<group>";
		};
		788B8DBF25FBA4D600009B3A /* TVListScreen */ = {
			isa = PBXGroup;
			children = (
				788B8DE625FBB51300009B3A /* Interactor */,
				788B8DE525FBB50400009B3A /* Presenter */,
				788B8DE425FBB4F500009B3A /* Protocols */,
				788B8DE325FBB4EC00009B3A /* Router */,
				788B8DC025FBA4E800009B3A /* View */,
			);
			path = TVListScreen;
			sourceTree = "<group>";
		};
		788B8DC025FBA4E800009B3A /* View */ = {
			isa = PBXGroup;
			children = (
				788B8DCB25FBA70400009B3A /* Cell */,
				788B8DC125FBA50E00009B3A /* TVSeriesListViewController.swift */,
				788B8DC225FBA50E00009B3A /* TVSeriesListViewController.xib */,
				788B8DFE25FBB96700009B3A /* TVSeriesListExtension.swift */,
			);
			path = View;
			sourceTree = "<group>";
		};
		788B8DCB25FBA70400009B3A /* Cell */ = {
			isa = PBXGroup;
			children = (
				788B8E5F25FE027A00009B3A /* TVCollectionViewCell.swift */,
				788B8E6025FE027A00009B3A /* TVCollectionViewCell.xib */,
			);
			path = Cell;
			sourceTree = "<group>";
		};
		788B8DE325FBB4EC00009B3A /* Router */ = {
			isa = PBXGroup;
			children = (
				788B8DE725FBB53900009B3A /* TVSeriesRouter.swift */,
			);
			path = Router;
			sourceTree = "<group>";
		};
		788B8DE425FBB4F500009B3A /* Protocols */ = {
			isa = PBXGroup;
			children = (
				788B8DEF25FBB54A00009B3A /* TVSeriesProtocol.swift */,
			);
			path = Protocols;
			sourceTree = "<group>";
		};
		788B8DE525FBB50400009B3A /* Presenter */ = {
			isa = PBXGroup;
			children = (
				788B8DF425FBB55D00009B3A /* TVSeriesPresenter.swift */,
			);
			path = Presenter;
			sourceTree = "<group>";
		};
		788B8DE625FBB51300009B3A /* Interactor */ = {
			isa = PBXGroup;
			children = (
				788B8DF925FBB57600009B3A /* TVSeriesInteractor.swift */,
			);
			path = Interactor;
			sourceTree = "<group>";
		};
		788B8E0325FBC3D900009B3A /* Services */ = {
			isa = PBXGroup;
			children = (
				788B8E0425FBC3ED00009B3A /* TVServiceManager.swift */,
				788B8E0925FBC48F00009B3A /* TVServiceResponse.swift */,
			);
			path = Services;
			sourceTree = "<group>";
		};
		788B8E7325FE912E00009B3A /* SerieDetailScreen */ = {
			isa = PBXGroup;
			children = (
				788B8E7825FE916000009B3A /* Interactor */,
				788B8E7725FE915700009B3A /* Presenter */,
				788B8E7625FE914D00009B3A /* Protocols */,
				788B8E7525FE914500009B3A /* Router */,
				788B8E7425FE913D00009B3A /* View */,
			);
			path = SerieDetailScreen;
			sourceTree = "<group>";
		};
		788B8E7425FE913D00009B3A /* View */ = {
			isa = PBXGroup;
			children = (
				788B8E7925FE918700009B3A /* TVSeriesDetailViewController.swift */,
				788B8E7A25FE918700009B3A /* TVSeriesDetailViewController.xib */,
				788B8E9725FE93BE00009B3A /* TVSeriesDetailExtension.swift */,
			);
			path = View;
			sourceTree = "<group>";
		};
		788B8E7525FE914500009B3A /* Router */ = {
			isa = PBXGroup;
			children = (
				788B8E8325FE91A700009B3A /* TVSeriesDetailRouter.swift */,
			);
			path = Router;
			sourceTree = "<group>";
		};
		788B8E7625FE914D00009B3A /* Protocols */ = {
			isa = PBXGroup;
			children = (
				788B8E8825FE91E700009B3A /* TVSeriesDetailProtocol.swift */,
			);
			path = Protocols;
			sourceTree = "<group>";
		};
		788B8E7725FE915700009B3A /* Presenter */ = {
			isa = PBXGroup;
			children = (
				788B8E8D25FE91F900009B3A /* TVSeriesDetailPresenter.swift */,
			);
			path = Presenter;
			sourceTree = "<group>";
		};
		788B8E7825FE916000009B3A /* Interactor */ = {
			isa = PBXGroup;
			children = (
				788B8E9225FE921200009B3A /* TVSeriesDetailInteractor.swift */,
			);
			path = Interactor;
			sourceTree = "<group>";
		};
		788B8EA225FEA1F700009B3A /* Common */ = {
			isa = PBXGroup;
			children = (
				788B8EA325FEA20200009B3A /* StarRatingComponent */,
				788B8EB325FEA84B00009B3A /* Utils.swift */,
				788B8EB825FEA85900009B3A /* Constants.swift */,
			);
			path = Common;
			sourceTree = "<group>";
		};
		788B8EA325FEA20200009B3A /* StarRatingComponent */ = {
			isa = PBXGroup;
			children = (
				788B8EA525FEA21F00009B3A /* StarRatingStackView.swift */,
				788B8EA425FEA21F00009B3A /* StarRatingStackView.xib */,
				788B8EA625FEA21F00009B3A /* StarRatingView.swift */,
			);
			path = StarRatingComponent;
			sourceTree = "<group>";
		};
		F1E2D871E6289663D9FCBBC5 /* Pods */ = {
			isa = PBXGroup;
			children = (
				D2110435DE3CDC7D0684C2C1 /* Pods-TVSeriesApp.debug.xcconfig */,
				DC195B9887E336D5A7D412F6 /* Pods-TVSeriesApp.release.xcconfig */,
				3EA0434F6ADA5F2D952650B3 /* Pods-TVSeriesApp-TVSeriesAppUITests.debug.xcconfig */,
				BAFB858354663416D7478E2A /* Pods-TVSeriesApp-TVSeriesAppUITests.release.xcconfig */,
				88177E152C0622991A08011F /* Pods-TVSeriesAppTests.debug.xcconfig */,
				6E69B46C0C3D7235DB0E8E7B /* Pods-TVSeriesAppTests.release.xcconfig */,
			);
			path = Pods;
			sourceTree = "<group>";
		};
/* End PBXGroup section */

/* Begin PBXNativeTarget section */
		788B8D8125FBA46B00009B3A /* TVSeriesApp */ = {
			isa = PBXNativeTarget;
			buildConfigurationList = 788B8DAC25FBA46D00009B3A /* Build configuration list for PBXNativeTarget "TVSeriesApp" */;
			buildPhases = (
				56ED259FF8C58118596CE3B4 /* [CP] Check Pods Manifest.lock */,
				788B8D7E25FBA46B00009B3A /* Sources */,
				788B8D7F25FBA46B00009B3A /* Frameworks */,
				788B8D8025FBA46B00009B3A /* Resources */,
				FC28F96EF8B093D6706ADDF8 /* [CP] Embed Pods Frameworks */,
			);
			buildRules = (
			);
			dependencies = (
			);
			name = TVSeriesApp;
			productName = TVSeriesApp;
			productReference = 788B8D8225FBA46B00009B3A /* TVSeriesApp.app */;
			productType = "com.apple.product-type.application";
		};
		788B8D9725FBA46D00009B3A /* TVSeriesAppTests */ = {
			isa = PBXNativeTarget;
			buildConfigurationList = 788B8DAF25FBA46D00009B3A /* Build configuration list for PBXNativeTarget "TVSeriesAppTests" */;
			buildPhases = (
				5A60C7D4203B5B171FF61DEE /* [CP] Check Pods Manifest.lock */,
				788B8D9425FBA46D00009B3A /* Sources */,
				788B8D9525FBA46D00009B3A /* Frameworks */,
				788B8D9625FBA46D00009B3A /* Resources */,
			);
			buildRules = (
			);
			dependencies = (
				788B8D9A25FBA46D00009B3A /* PBXTargetDependency */,
			);
			name = TVSeriesAppTests;
			productName = TVSeriesAppTests;
			productReference = 788B8D9825FBA46D00009B3A /* TVSeriesAppTests.xctest */;
			productType = "com.apple.product-type.bundle.unit-test";
		};
		788B8DA225FBA46D00009B3A /* TVSeriesAppUITests */ = {
			isa = PBXNativeTarget;
			buildConfigurationList = 788B8DB225FBA46D00009B3A /* Build configuration list for PBXNativeTarget "TVSeriesAppUITests" */;
			buildPhases = (
				2D9696FF62F90C74A35DD5A0 /* [CP] Check Pods Manifest.lock */,
				788B8D9F25FBA46D00009B3A /* Sources */,
				788B8DA025FBA46D00009B3A /* Frameworks */,
				788B8DA125FBA46D00009B3A /* Resources */,
				A72392DD7C1689186F24B3C7 /* [CP] Embed Pods Frameworks */,
			);
			buildRules = (
			);
			dependencies = (
				788B8DA525FBA46D00009B3A /* PBXTargetDependency */,
			);
			name = TVSeriesAppUITests;
			productName = TVSeriesAppUITests;
			productReference = 788B8DA325FBA46D00009B3A /* TVSeriesAppUITests.xctest */;
			productType = "com.apple.product-type.bundle.ui-testing";
		};
/* End PBXNativeTarget section */

/* Begin PBXProject section */
		788B8D7A25FBA46B00009B3A /* Project object */ = {
			isa = PBXProject;
			attributes = {
				LastSwiftUpdateCheck = 1240;
				LastUpgradeCheck = 1240;
				TargetAttributes = {
					788B8D8125FBA46B00009B3A = {
						CreatedOnToolsVersion = 12.4;
					};
					788B8D9725FBA46D00009B3A = {
						CreatedOnToolsVersion = 12.4;
						TestTargetID = 788B8D8125FBA46B00009B3A;
					};
					788B8DA225FBA46D00009B3A = {
						CreatedOnToolsVersion = 12.4;
						TestTargetID = 788B8D8125FBA46B00009B3A;
					};
				};
			};
			buildConfigurationList = 788B8D7D25FBA46B00009B3A /* Build configuration list for PBXProject "TVSeriesApp" */;
			compatibilityVersion = "Xcode 9.3";
			developmentRegion = en;
			hasScannedForEncodings = 0;
			knownRegions = (
				en,
				Base,
			);
			mainGroup = 788B8D7925FBA46B00009B3A;
			productRefGroup = 788B8D8325FBA46B00009B3A /* Products */;
			projectDirPath = "";
			projectRoot = "";
			targets = (
				788B8D8125FBA46B00009B3A /* TVSeriesApp */,
				788B8D9725FBA46D00009B3A /* TVSeriesAppTests */,
				788B8DA225FBA46D00009B3A /* TVSeriesAppUITests */,
			);
		};
/* End PBXProject section */

/* Begin PBXResourcesBuildPhase section */
		788B8D8025FBA46B00009B3A /* Resources */ = {
			isa = PBXResourcesBuildPhase;
			buildActionMask = 2147483647;
			files = (
				788B8EA725FEA21F00009B3A /* StarRatingStackView.xib in Resources */,
				788B8DC425FBA50E00009B3A /* TVSeriesListViewController.xib in Resources */,
				788B8D9225FBA46D00009B3A /* LaunchScreen.storyboard in Resources */,
				788B8E6225FE027A00009B3A /* TVCollectionViewCell.xib in Resources */,
				788B8E7C25FE918700009B3A /* TVSeriesDetailViewController.xib in Resources */,
				788B8D8F25FBA46D00009B3A /* Assets.xcassets in Resources */,
			);
			runOnlyForDeploymentPostprocessing = 0;
		};
		788B8D9625FBA46D00009B3A /* Resources */ = {
			isa = PBXResourcesBuildPhase;
			buildActionMask = 2147483647;
			files = (
			);
			runOnlyForDeploymentPostprocessing = 0;
		};
		788B8DA125FBA46D00009B3A /* Resources */ = {
			isa = PBXResourcesBuildPhase;
			buildActionMask = 2147483647;
			files = (
			);
			runOnlyForDeploymentPostprocessing = 0;
		};
/* End PBXResourcesBuildPhase section */

/* Begin PBXShellScriptBuildPhase section */
		2D9696FF62F90C74A35DD5A0 /* [CP] Check Pods Manifest.lock */ = {
			isa = PBXShellScriptBuildPhase;
			buildActionMask = 2147483647;
			files = (
			);
			inputFileListPaths = (
			);
			inputPaths = (
				"${PODS_PODFILE_DIR_PATH}/Podfile.lock",
				"${PODS_ROOT}/Manifest.lock",
			);
			name = "[CP] Check Pods Manifest.lock";
			outputFileListPaths = (
			);
			outputPaths = (
				"$(DERIVED_FILE_DIR)/Pods-TVSeriesApp-TVSeriesAppUITests-checkManifestLockResult.txt",
			);
			runOnlyForDeploymentPostprocessing = 0;
			shellPath = /bin/sh;
			shellScript = "diff \"${PODS_PODFILE_DIR_PATH}/Podfile.lock\" \"${PODS_ROOT}/Manifest.lock\" > /dev/null\nif [ $? != 0 ] ; then\n    # print error to STDERR\n    echo \"error: The sandbox is not in sync with the Podfile.lock. Run 'pod install' or update your CocoaPods installation.\" >&2\n    exit 1\nfi\n# This output is used by Xcode 'outputs' to avoid re-running this script phase.\necho \"SUCCESS\" > \"${SCRIPT_OUTPUT_FILE_0}\"\n";
			showEnvVarsInLog = 0;
		};
		56ED259FF8C58118596CE3B4 /* [CP] Check Pods Manifest.lock */ = {
			isa = PBXShellScriptBuildPhase;
			buildActionMask = 2147483647;
			files = (
			);
			inputFileListPaths = (
			);
			inputPaths = (
				"${PODS_PODFILE_DIR_PATH}/Podfile.lock",
				"${PODS_ROOT}/Manifest.lock",
			);
			name = "[CP] Check Pods Manifest.lock";
			outputFileListPaths = (
			);
			outputPaths = (
				"$(DERIVED_FILE_DIR)/Pods-TVSeriesApp-checkManifestLockResult.txt",
			);
			runOnlyForDeploymentPostprocessing = 0;
			shellPath = /bin/sh;
			shellScript = "diff \"${PODS_PODFILE_DIR_PATH}/Podfile.lock\" \"${PODS_ROOT}/Manifest.lock\" > /dev/null\nif [ $? != 0 ] ; then\n    # print error to STDERR\n    echo \"error: The sandbox is not in sync with the Podfile.lock. Run 'pod install' or update your CocoaPods installation.\" >&2\n    exit 1\nfi\n# This output is used by Xcode 'outputs' to avoid re-running this script phase.\necho \"SUCCESS\" > \"${SCRIPT_OUTPUT_FILE_0}\"\n";
			showEnvVarsInLog = 0;
		};
		5A60C7D4203B5B171FF61DEE /* [CP] Check Pods Manifest.lock */ = {
			isa = PBXShellScriptBuildPhase;
			buildActionMask = 2147483647;
			files = (
			);
			inputFileListPaths = (
			);
			inputPaths = (
				"${PODS_PODFILE_DIR_PATH}/Podfile.lock",
				"${PODS_ROOT}/Manifest.lock",
			);
			name = "[CP] Check Pods Manifest.lock";
			outputFileListPaths = (
			);
			outputPaths = (
				"$(DERIVED_FILE_DIR)/Pods-TVSeriesAppTests-checkManifestLockResult.txt",
			);
			runOnlyForDeploymentPostprocessing = 0;
			shellPath = /bin/sh;
			shellScript = "diff \"${PODS_PODFILE_DIR_PATH}/Podfile.lock\" \"${PODS_ROOT}/Manifest.lock\" > /dev/null\nif [ $? != 0 ] ; then\n    # print error to STDERR\n    echo \"error: The sandbox is not in sync with the Podfile.lock. Run 'pod install' or update your CocoaPods installation.\" >&2\n    exit 1\nfi\n# This output is used by Xcode 'outputs' to avoid re-running this script phase.\necho \"SUCCESS\" > \"${SCRIPT_OUTPUT_FILE_0}\"\n";
			showEnvVarsInLog = 0;
		};
		A72392DD7C1689186F24B3C7 /* [CP] Embed Pods Frameworks */ = {
			isa = PBXShellScriptBuildPhase;
			buildActionMask = 2147483647;
			files = (
			);
			inputFileListPaths = (
				"${PODS_ROOT}/Target Support Files/Pods-TVSeriesApp-TVSeriesAppUITests/Pods-TVSeriesApp-TVSeriesAppUITests-frameworks-${CONFIGURATION}-input-files.xcfilelist",
			);
			name = "[CP] Embed Pods Frameworks";
			outputFileListPaths = (
				"${PODS_ROOT}/Target Support Files/Pods-TVSeriesApp-TVSeriesAppUITests/Pods-TVSeriesApp-TVSeriesAppUITests-frameworks-${CONFIGURATION}-output-files.xcfilelist",
			);
			runOnlyForDeploymentPostprocessing = 0;
			shellPath = /bin/sh;
			shellScript = "\"${PODS_ROOT}/Target Support Files/Pods-TVSeriesApp-TVSeriesAppUITests/Pods-TVSeriesApp-TVSeriesAppUITests-frameworks.sh\"\n";
			showEnvVarsInLog = 0;
		};
		FC28F96EF8B093D6706ADDF8 /* [CP] Embed Pods Frameworks */ = {
			isa = PBXShellScriptBuildPhase;
			buildActionMask = 2147483647;
			files = (
			);
			inputFileListPaths = (
				"${PODS_ROOT}/Target Support Files/Pods-TVSeriesApp/Pods-TVSeriesApp-frameworks-${CONFIGURATION}-input-files.xcfilelist",
			);
			name = "[CP] Embed Pods Frameworks";
			outputFileListPaths = (
				"${PODS_ROOT}/Target Support Files/Pods-TVSeriesApp/Pods-TVSeriesApp-frameworks-${CONFIGURATION}-output-files.xcfilelist",
			);
			runOnlyForDeploymentPostprocessing = 0;
			shellPath = /bin/sh;
			shellScript = "\"${PODS_ROOT}/Target Support Files/Pods-TVSeriesApp/Pods-TVSeriesApp-frameworks.sh\"\n";
			showEnvVarsInLog = 0;
		};
/* End PBXShellScriptBuildPhase section */

/* Begin PBXSourcesBuildPhase section */
		788B8D7E25FBA46B00009B3A /* Sources */ = {
			isa = PBXSourcesBuildPhase;
			buildActionMask = 2147483647;
			files = (
				788B8E7B25FE918700009B3A /* TVSeriesDetailViewController.swift in Sources */,
				788B8DF025FBB54A00009B3A /* TVSeriesProtocol.swift in Sources */,
				788B8E8425FE91A700009B3A /* TVSeriesDetailRouter.swift in Sources */,
				788B8D8625FBA46B00009B3A /* AppDelegate.swift in Sources */,
				788B8E9825FE93BF00009B3A /* TVSeriesDetailExtension.swift in Sources */,
				788B8DE825FBB53900009B3A /* TVSeriesRouter.swift in Sources */,
				788B8E8925FE91E700009B3A /* TVSeriesDetailProtocol.swift in Sources */,
				788B8EA925FEA21F00009B3A /* StarRatingView.swift in Sources */,
				788B8E6125FE027A00009B3A /* TVCollectionViewCell.swift in Sources */,
				788B8DFA25FBB57700009B3A /* TVSeriesInteractor.swift in Sources */,
				788B8E0A25FBC48F00009B3A /* TVServiceResponse.swift in Sources */,
				788B8EB925FEA85900009B3A /* Constants.swift in Sources */,
				788B8EA825FEA21F00009B3A /* StarRatingStackView.swift in Sources */,
				788B8E0525FBC3ED00009B3A /* TVServiceManager.swift in Sources */,
				788B8DFF25FBB96700009B3A /* TVSeriesListExtension.swift in Sources */,
				788B8E8E25FE91F900009B3A /* TVSeriesDetailPresenter.swift in Sources */,
				788B8EB425FEA84B00009B3A /* Utils.swift in Sources */,
				788B8E9325FE921200009B3A /* TVSeriesDetailInteractor.swift in Sources */,
				788B8DF525FBB55D00009B3A /* TVSeriesPresenter.swift in Sources */,
				788B8D8825FBA46B00009B3A /* SceneDelegate.swift in Sources */,
				788B8DC325FBA50E00009B3A /* TVSeriesListViewController.swift in Sources */,
			);
			runOnlyForDeploymentPostprocessing = 0;
		};
		788B8D9425FBA46D00009B3A /* Sources */ = {
			isa = PBXSourcesBuildPhase;
			buildActionMask = 2147483647;
			files = (
				788B8D9D25FBA46D00009B3A /* TVSeriesAppTests.swift in Sources */,
			);
			runOnlyForDeploymentPostprocessing = 0;
		};
		788B8D9F25FBA46D00009B3A /* Sources */ = {
			isa = PBXSourcesBuildPhase;
			buildActionMask = 2147483647;
			files = (
				788B8DA825FBA46D00009B3A /* TVSeriesAppUITests.swift in Sources */,
			);
			runOnlyForDeploymentPostprocessing = 0;
		};
/* End PBXSourcesBuildPhase section */

/* Begin PBXTargetDependency section */
		788B8D9A25FBA46D00009B3A /* PBXTargetDependency */ = {
			isa = PBXTargetDependency;
			target = 788B8D8125FBA46B00009B3A /* TVSeriesApp */;
			targetProxy = 788B8D9925FBA46D00009B3A /* PBXContainerItemProxy */;
		};
		788B8DA525FBA46D00009B3A /* PBXTargetDependency */ = {
			isa = PBXTargetDependency;
			target = 788B8D8125FBA46B00009B3A /* TVSeriesApp */;
			targetProxy = 788B8DA425FBA46D00009B3A /* PBXContainerItemProxy */;
		};
/* End PBXTargetDependency section */

/* Begin PBXVariantGroup section */
		788B8D9025FBA46D00009B3A /* LaunchScreen.storyboard */ = {
			isa = PBXVariantGroup;
			children = (
				788B8D9125FBA46D00009B3A /* Base */,
			);
			name = LaunchScreen.storyboard;
			sourceTree = "<group>";
		};
/* End PBXVariantGroup section */

/* Begin XCBuildConfiguration section */
		788B8DAA25FBA46D00009B3A /* Debug */ = {
			isa = XCBuildConfiguration;
			buildSettings = {
				ALWAYS_SEARCH_USER_PATHS = NO;
				CLANG_ANALYZER_NONNULL = YES;
				CLANG_ANALYZER_NUMBER_OBJECT_CONVERSION = YES_AGGRESSIVE;
				CLANG_CXX_LANGUAGE_STANDARD = "gnu++14";
				CLANG_CXX_LIBRARY = "libc++";
				CLANG_ENABLE_MODULES = YES;
				CLANG_ENABLE_OBJC_ARC = YES;
				CLANG_ENABLE_OBJC_WEAK = YES;
				CLANG_WARN_BLOCK_CAPTURE_AUTORELEASING = YES;
				CLANG_WARN_BOOL_CONVERSION = YES;
				CLANG_WARN_COMMA = YES;
				CLANG_WARN_CONSTANT_CONVERSION = YES;
				CLANG_WARN_DEPRECATED_OBJC_IMPLEMENTATIONS = YES;
				CLANG_WARN_DIRECT_OBJC_ISA_USAGE = YES_ERROR;
				CLANG_WARN_DOCUMENTATION_COMMENTS = YES;
				CLANG_WARN_EMPTY_BODY = YES;
				CLANG_WARN_ENUM_CONVERSION = YES;
				CLANG_WARN_INFINITE_RECURSION = YES;
				CLANG_WARN_INT_CONVERSION = YES;
				CLANG_WARN_NON_LITERAL_NULL_CONVERSION = YES;
				CLANG_WARN_OBJC_IMPLICIT_RETAIN_SELF = YES;
				CLANG_WARN_OBJC_LITERAL_CONVERSION = YES;
				CLANG_WARN_OBJC_ROOT_CLASS = YES_ERROR;
				CLANG_WARN_QUOTED_INCLUDE_IN_FRAMEWORK_HEADER = YES;
				CLANG_WARN_RANGE_LOOP_ANALYSIS = YES;
				CLANG_WARN_STRICT_PROTOTYPES = YES;
				CLANG_WARN_SUSPICIOUS_MOVE = YES;
				CLANG_WARN_UNGUARDED_AVAILABILITY = YES_AGGRESSIVE;
				CLANG_WARN_UNREACHABLE_CODE = YES;
				CLANG_WARN__DUPLICATE_METHOD_MATCH = YES;
				COPY_PHASE_STRIP = NO;
				DEBUG_INFORMATION_FORMAT = dwarf;
				ENABLE_STRICT_OBJC_MSGSEND = YES;
				ENABLE_TESTABILITY = YES;
				GCC_C_LANGUAGE_STANDARD = gnu11;
				GCC_DYNAMIC_NO_PIC = NO;
				GCC_NO_COMMON_BLOCKS = YES;
				GCC_OPTIMIZATION_LEVEL = 0;
				GCC_PREPROCESSOR_DEFINITIONS = (
					"DEBUG=1",
					"$(inherited)",
				);
				GCC_WARN_64_TO_32_BIT_CONVERSION = YES;
				GCC_WARN_ABOUT_RETURN_TYPE = YES_ERROR;
				GCC_WARN_UNDECLARED_SELECTOR = YES;
				GCC_WARN_UNINITIALIZED_AUTOS = YES_AGGRESSIVE;
				GCC_WARN_UNUSED_FUNCTION = YES;
				GCC_WARN_UNUSED_VARIABLE = YES;
				IPHONEOS_DEPLOYMENT_TARGET = 14.4;
				MTL_ENABLE_DEBUG_INFO = INCLUDE_SOURCE;
				MTL_FAST_MATH = YES;
				ONLY_ACTIVE_ARCH = YES;
				SDKROOT = iphoneos;
				SWIFT_ACTIVE_COMPILATION_CONDITIONS = DEBUG;
				SWIFT_OPTIMIZATION_LEVEL = "-Onone";
			};
			name = Debug;
		};
		788B8DAB25FBA46D00009B3A /* Release */ = {
			isa = XCBuildConfiguration;
			buildSettings = {
				ALWAYS_SEARCH_USER_PATHS = NO;
				CLANG_ANALYZER_NONNULL = YES;
				CLANG_ANALYZER_NUMBER_OBJECT_CONVERSION = YES_AGGRESSIVE;
				CLANG_CXX_LANGUAGE_STANDARD = "gnu++14";
				CLANG_CXX_LIBRARY = "libc++";
				CLANG_ENABLE_MODULES = YES;
				CLANG_ENABLE_OBJC_ARC = YES;
				CLANG_ENABLE_OBJC_WEAK = YES;
				CLANG_WARN_BLOCK_CAPTURE_AUTORELEASING = YES;
				CLANG_WARN_BOOL_CONVERSION = YES;
				CLANG_WARN_COMMA = YES;
				CLANG_WARN_CONSTANT_CONVERSION = YES;
				CLANG_WARN_DEPRECATED_OBJC_IMPLEMENTATIONS = YES;
				CLANG_WARN_DIRECT_OBJC_ISA_USAGE = YES_ERROR;
				CLANG_WARN_DOCUMENTATION_COMMENTS = YES;
				CLANG_WARN_EMPTY_BODY = YES;
				CLANG_WARN_ENUM_CONVERSION = YES;
				CLANG_WARN_INFINITE_RECURSION = YES;
				CLANG_WARN_INT_CONVERSION = YES;
				CLANG_WARN_NON_LITERAL_NULL_CONVERSION = YES;
				CLANG_WARN_OBJC_IMPLICIT_RETAIN_SELF = YES;
				CLANG_WARN_OBJC_LITERAL_CONVERSION = YES;
				CLANG_WARN_OBJC_ROOT_CLASS = YES_ERROR;
				CLANG_WARN_QUOTED_INCLUDE_IN_FRAMEWORK_HEADER = YES;
				CLANG_WARN_RANGE_LOOP_ANALYSIS = YES;
				CLANG_WARN_STRICT_PROTOTYPES = YES;
				CLANG_WARN_SUSPICIOUS_MOVE = YES;
				CLANG_WARN_UNGUARDED_AVAILABILITY = YES_AGGRESSIVE;
				CLANG_WARN_UNREACHABLE_CODE = YES;
				CLANG_WARN__DUPLICATE_METHOD_MATCH = YES;
				COPY_PHASE_STRIP = NO;
				DEBUG_INFORMATION_FORMAT = "dwarf-with-dsym";
				ENABLE_NS_ASSERTIONS = NO;
				ENABLE_STRICT_OBJC_MSGSEND = YES;
				GCC_C_LANGUAGE_STANDARD = gnu11;
				GCC_NO_COMMON_BLOCKS = YES;
				GCC_WARN_64_TO_32_BIT_CONVERSION = YES;
				GCC_WARN_ABOUT_RETURN_TYPE = YES_ERROR;
				GCC_WARN_UNDECLARED_SELECTOR = YES;
				GCC_WARN_UNINITIALIZED_AUTOS = YES_AGGRESSIVE;
				GCC_WARN_UNUSED_FUNCTION = YES;
				GCC_WARN_UNUSED_VARIABLE = YES;
				IPHONEOS_DEPLOYMENT_TARGET = 14.4;
				MTL_ENABLE_DEBUG_INFO = NO;
				MTL_FAST_MATH = YES;
				SDKROOT = iphoneos;
				SWIFT_COMPILATION_MODE = wholemodule;
				SWIFT_OPTIMIZATION_LEVEL = "-O";
				VALIDATE_PRODUCT = YES;
			};
			name = Release;
		};
		788B8DAD25FBA46D00009B3A /* Debug */ = {
			isa = XCBuildConfiguration;
			baseConfigurationReference = D2110435DE3CDC7D0684C2C1 /* Pods-TVSeriesApp.debug.xcconfig */;
			buildSettings = {
				ASSETCATALOG_COMPILER_APPICON_NAME = AppIcon;
				ASSETCATALOG_COMPILER_GLOBAL_ACCENT_COLOR_NAME = AccentColor;
				CODE_SIGN_STYLE = Automatic;
				INFOPLIST_FILE = TVSeriesApp/Info.plist;
				LD_RUNPATH_SEARCH_PATHS = (
					"$(inherited)",
					"@executable_path/Frameworks",
				);
				PRODUCT_BUNDLE_IDENTIFIER = andresapps.TVSeriesApp;
				PRODUCT_NAME = "$(TARGET_NAME)";
				SWIFT_VERSION = 5.0;
				TARGETED_DEVICE_FAMILY = "1,2";
			};
			name = Debug;
		};
		788B8DAE25FBA46D00009B3A /* Release */ = {
			isa = XCBuildConfiguration;
			baseConfigurationReference = DC195B9887E336D5A7D412F6 /* Pods-TVSeriesApp.release.xcconfig */;
			buildSettings = {
				ASSETCATALOG_COMPILER_APPICON_NAME = AppIcon;
				ASSETCATALOG_COMPILER_GLOBAL_ACCENT_COLOR_NAME = AccentColor;
				CODE_SIGN_STYLE = Automatic;
				INFOPLIST_FILE = TVSeriesApp/Info.plist;
				LD_RUNPATH_SEARCH_PATHS = (
					"$(inherited)",
					"@executable_path/Frameworks",
				);
				PRODUCT_BUNDLE_IDENTIFIER = andresapps.TVSeriesApp;
				PRODUCT_NAME = "$(TARGET_NAME)";
				SWIFT_VERSION = 5.0;
				TARGETED_DEVICE_FAMILY = "1,2";
			};
			name = Release;
		};
		788B8DB025FBA46D00009B3A /* Debug */ = {
			isa = XCBuildConfiguration;
			baseConfigurationReference = 88177E152C0622991A08011F /* Pods-TVSeriesAppTests.debug.xcconfig */;
			buildSettings = {
				ALWAYS_EMBED_SWIFT_STANDARD_LIBRARIES = YES;
				BUNDLE_LOADER = "$(TEST_HOST)";
				CODE_SIGN_STYLE = Automatic;
				INFOPLIST_FILE = TVSeriesAppTests/Info.plist;
				IPHONEOS_DEPLOYMENT_TARGET = 14.4;
				LD_RUNPATH_SEARCH_PATHS = (
					"$(inherited)",
					"@executable_path/Frameworks",
					"@loader_path/Frameworks",
				);
				PRODUCT_BUNDLE_IDENTIFIER = andresapps.TVSeriesAppTests;
				PRODUCT_NAME = "$(TARGET_NAME)";
				SWIFT_VERSION = 5.0;
				TARGETED_DEVICE_FAMILY = "1,2";
				TEST_HOST = "$(BUILT_PRODUCTS_DIR)/TVSeriesApp.app/TVSeriesApp";
			};
			name = Debug;
		};
		788B8DB125FBA46D00009B3A /* Release */ = {
			isa = XCBuildConfiguration;
			baseConfigurationReference = 6E69B46C0C3D7235DB0E8E7B /* Pods-TVSeriesAppTests.release.xcconfig */;
			buildSettings = {
				ALWAYS_EMBED_SWIFT_STANDARD_LIBRARIES = YES;
				BUNDLE_LOADER = "$(TEST_HOST)";
				CODE_SIGN_STYLE = Automatic;
				INFOPLIST_FILE = TVSeriesAppTests/Info.plist;
				IPHONEOS_DEPLOYMENT_TARGET = 14.4;
				LD_RUNPATH_SEARCH_PATHS = (
					"$(inherited)",
					"@executable_path/Frameworks",
					"@loader_path/Frameworks",
				);
				PRODUCT_BUNDLE_IDENTIFIER = andresapps.TVSeriesAppTests;
				PRODUCT_NAME = "$(TARGET_NAME)";
				SWIFT_VERSION = 5.0;
				TARGETED_DEVICE_FAMILY = "1,2";
				TEST_HOST = "$(BUILT_PRODUCTS_DIR)/TVSeriesApp.app/TVSeriesApp";
			};
			name = Release;
		};
		788B8DB325FBA46D00009B3A /* Debug */ = {
			isa = XCBuildConfiguration;
			baseConfigurationReference = 3EA0434F6ADA5F2D952650B3 /* Pods-TVSeriesApp-TVSeriesAppUITests.debug.xcconfig */;
			buildSettings = {
				ALWAYS_EMBED_SWIFT_STANDARD_LIBRARIES = YES;
				CODE_SIGN_STYLE = Automatic;
				INFOPLIST_FILE = TVSeriesAppUITests/Info.plist;
				LD_RUNPATH_SEARCH_PATHS = (
					"$(inherited)",
					"@executable_path/Frameworks",
					"@loader_path/Frameworks",
				);
				PRODUCT_BUNDLE_IDENTIFIER = andresapps.TVSeriesAppUITests;
				PRODUCT_NAME = "$(TARGET_NAME)";
				SWIFT_VERSION = 5.0;
				TARGETED_DEVICE_FAMILY = "1,2";
				TEST_TARGET_NAME = TVSeriesApp;
			};
			name = Debug;
		};
		788B8DB425FBA46D00009B3A /* Release */ = {
			isa = XCBuildConfiguration;
			baseConfigurationReference = BAFB858354663416D7478E2A /* Pods-TVSeriesApp-TVSeriesAppUITests.release.xcconfig */;
			buildSettings = {
				ALWAYS_EMBED_SWIFT_STANDARD_LIBRARIES = YES;
				CODE_SIGN_STYLE = Automatic;
				INFOPLIST_FILE = TVSeriesAppUITests/Info.plist;
				LD_RUNPATH_SEARCH_PATHS = (
					"$(inherited)",
					"@executable_path/Frameworks",
					"@loader_path/Frameworks",
				);
				PRODUCT_BUNDLE_IDENTIFIER = andresapps.TVSeriesAppUITests;
				PRODUCT_NAME = "$(TARGET_NAME)";
				SWIFT_VERSION = 5.0;
				TARGETED_DEVICE_FAMILY = "1,2";
				TEST_TARGET_NAME = TVSeriesApp;
			};
			name = Release;
		};
/* End XCBuildConfiguration section */

/* Begin XCConfigurationList section */
		788B8D7D25FBA46B00009B3A /* Build configuration list for PBXProject "TVSeriesApp" */ = {
			isa = XCConfigurationList;
			buildConfigurations = (
				788B8DAA25FBA46D00009B3A /* Debug */,
				788B8DAB25FBA46D00009B3A /* Release */,
			);
			defaultConfigurationIsVisible = 0;
			defaultConfigurationName = Release;
		};
		788B8DAC25FBA46D00009B3A /* Build configuration list for PBXNativeTarget "TVSeriesApp" */ = {
			isa = XCConfigurationList;
			buildConfigurations = (
				788B8DAD25FBA46D00009B3A /* Debug */,
				788B8DAE25FBA46D00009B3A /* Release */,
			);
			defaultConfigurationIsVisible = 0;
			defaultConfigurationName = Release;
		};
		788B8DAF25FBA46D00009B3A /* Build configuration list for PBXNativeTarget "TVSeriesAppTests" */ = {
			isa = XCConfigurationList;
			buildConfigurations = (
				788B8DB025FBA46D00009B3A /* Debug */,
				788B8DB125FBA46D00009B3A /* Release */,
			);
			defaultConfigurationIsVisible = 0;
			defaultConfigurationName = Release;
		};
		788B8DB225FBA46D00009B3A /* Build configuration list for PBXNativeTarget "TVSeriesAppUITests" */ = {
			isa = XCConfigurationList;
			buildConfigurations = (
				788B8DB325FBA46D00009B3A /* Debug */,
				788B8DB425FBA46D00009B3A /* Release */,
			);
			defaultConfigurationIsVisible = 0;
			defaultConfigurationName = Release;
		};
/* End XCConfigurationList section */
	};
	rootObject = 788B8D7A25FBA46B00009B3A /* Project object */;
}
